
Microsoft Visual Studio Solution File, Format Version 12.00
# Visual Studio 2013
VisualStudioVersion = 12.0.31101.0
MinimumVisualStudioVersion = 10.0.40219.1
Project("{FAE04EC0-301F-11D3-BF4B-00C04F79EFBC}") = "FFCG.Gamr", "FFCG.Gamr\FFCG.Gamr.csproj", "{F4B524B0-35CE-41E6-8ACA-DDBDE5FCEEF3}"
EndProject
Project("{2150E333-8FDC-42A3-9474-1A3956D46DE8}") = "PublishScripts", "PublishScripts", "{40B029F5-FAB2-4869-BF16-E8E49165D47E}"
	ProjectSection(SolutionItems) = preProject
		PublishScripts\AzureWebsitePublishModule.psm1 = PublishScripts\AzureWebsitePublishModule.psm1
		PublishScripts\Publish-WebApplicationWebsite.ps1 = PublishScripts\Publish-WebApplicationWebsite.ps1
	EndProjectSection
EndProject
Project("{2150E333-8FDC-42A3-9474-1A3956D46DE8}") = "Configurations", "Configurations", "{F7EFED6A-7F29-44BF-AC62-5827939D073B}"
	ProjectSection(SolutionItems) = preProject
		PublishScripts\Configurations\FFCGGamr-WAWS-dev.json = PublishScripts\Configurations\FFCGGamr-WAWS-dev.json
	EndProjectSection
EndProject
Project("{2150E333-8FDC-42A3-9474-1A3956D46DE8}") = "GameEngine", "GameEngine", "{3A297B99-BE71-4EE3-ABE9-8EBEADA09E04}"
EndProject
Project("{2150E333-8FDC-42A3-9474-1A3956D46DE8}") = "Battleship", "Battleship", "{18856B38-615E-4627-9990-899B6FB8F34E}"
EndProject
Project("{FAE04EC0-301F-11D3-BF4B-00C04F79EFBC}") = "GameEngine", "GameEngine\GameEngine.csproj", "{EB3905B4-F610-481F-9244-44D7B5B239E4}"
EndProject
Project("{FAE04EC0-301F-11D3-BF4B-00C04F79EFBC}") = "Battleship", "Battleship\Battleship.csproj", "{E87E6351-7D2C-43A4-A842-E4C22D120558}"
EndProject
Project("{FAE04EC0-301F-11D3-BF4B-00C04F79EFBC}") = "GameEngine.Api", "GameEngine.Api\GameEngine.Api.csproj", "{80E08069-1C84-49D6-B9CD-13B01447ECEB}"
EndProject
Project("{2150E333-8FDC-42A3-9474-1A3956D46DE8}") = "Destroyr", "Destroyr", "{3239C4D2-6AF3-421E-947F-B97B62EA9CAA}"
EndProject
Project("{FAE04EC0-301F-11D3-BF4B-00C04F79EFBC}") = "DestroyerEngine", "DestroyerEngine\DestroyerEngine.csproj", "{95E5BCC2-9E36-4AC2-8798-1B4BEFF3965C}"
EndProject
Project("{FAE04EC0-301F-11D3-BF4B-00C04F79EFBC}") = "Destroyer.Api", "Destroyer.Api\Destroyer.Api.csproj", "{FA027026-5256-44C6-BFE4-2EA29087C5A0}"
EndProject
Project("{FAE04EC0-301F-11D3-BF4B-00C04F79EFBC}") = "FFCG.Brun7", "FFCG.Brun7\FFCG.Brun7.csproj", "{7926D1E3-1573-4C8A-8329-D9DF19F23640}"
EndProject
Project("{FAE04EC0-301F-11D3-BF4B-00C04F79EFBC}") = "FFCG.Brun7.Console", "FFCG.Brun7.Console\FFCG.Brun7.Console.csproj", "{0CF3F06A-0636-42D8-9F4A-6FDC67CDCB47}"
EndProject
Global
	GlobalSection(SolutionConfigurationPlatforms) = preSolution
		Debug|Any CPU = Debug|Any CPU
		Release|Any CPU = Release|Any CPU
	EndGlobalSection
	GlobalSection(ProjectConfigurationPlatforms) = postSolution
		{F4B524B0-35CE-41E6-8ACA-DDBDE5FCEEF3}.Debug|Any CPU.ActiveCfg = Debug|Any CPU
		{F4B524B0-35CE-41E6-8ACA-DDBDE5FCEEF3}.Debug|Any CPU.Build.0 = Debug|Any CPU
		{F4B524B0-35CE-41E6-8ACA-DDBDE5FCEEF3}.Release|Any CPU.ActiveCfg = Release|Any CPU
		{F4B524B0-35CE-41E6-8ACA-DDBDE5FCEEF3}.Release|Any CPU.Build.0 = Release|Any CPU
		{EB3905B4-F610-481F-9244-44D7B5B239E4}.Debug|Any CPU.ActiveCfg = Debug|Any CPU
		{EB3905B4-F610-481F-9244-44D7B5B239E4}.Debug|Any CPU.Build.0 = Debug|Any CPU
		{EB3905B4-F610-481F-9244-44D7B5B239E4}.Release|Any CPU.ActiveCfg = Release|Any CPU
		{EB3905B4-F610-481F-9244-44D7B5B239E4}.Release|Any CPU.Build.0 = Release|Any CPU
		{E87E6351-7D2C-43A4-A842-E4C22D120558}.Debug|Any CPU.ActiveCfg = Debug|Any CPU
		{E87E6351-7D2C-43A4-A842-E4C22D120558}.Debug|Any CPU.Build.0 = Debug|Any CPU
		{E87E6351-7D2C-43A4-A842-E4C22D120558}.Release|Any CPU.ActiveCfg = Release|Any CPU
		{E87E6351-7D2C-43A4-A842-E4C22D120558}.Release|Any CPU.Build.0 = Release|Any CPU
		{80E08069-1C84-49D6-B9CD-13B01447ECEB}.Debug|Any CPU.ActiveCfg = Debug|Any CPU
		{80E08069-1C84-49D6-B9CD-13B01447ECEB}.Debug|Any CPU.Build.0 = Debug|Any CPU
		{80E08069-1C84-49D6-B9CD-13B01447ECEB}.Release|Any CPU.ActiveCfg = Release|Any CPU
		{80E08069-1C84-49D6-B9CD-13B01447ECEB}.Release|Any CPU.Build.0 = Release|Any CPU
		{95E5BCC2-9E36-4AC2-8798-1B4BEFF3965C}.Debug|Any CPU.ActiveCfg = Debug|Any CPU
		{95E5BCC2-9E36-4AC2-8798-1B4BEFF3965C}.Debug|Any CPU.Build.0 = Debug|Any CPU
		{95E5BCC2-9E36-4AC2-8798-1B4BEFF3965C}.Release|Any CPU.ActiveCfg = Release|Any CPU
		{95E5BCC2-9E36-4AC2-8798-1B4BEFF3965C}.Release|Any CPU.Build.0 = Release|Any CPU
		{FA027026-5256-44C6-BFE4-2EA29087C5A0}.Debug|Any CPU.ActiveCfg = Debug|Any CPU
		{FA027026-5256-44C6-BFE4-2EA29087C5A0}.Debug|Any CPU.Build.0 = Debug|Any CPU
		{FA027026-5256-44C6-BFE4-2EA29087C5A0}.Release|Any CPU.ActiveCfg = Release|Any CPU
		{FA027026-5256-44C6-BFE4-2EA29087C5A0}.Release|Any CPU.Build.0 = Release|Any CPU
		{7926D1E3-1573-4C8A-8329-D9DF19F23640}.Debug|Any CPU.ActiveCfg = Debug|Any CPU
		{7926D1E3-1573-4C8A-8329-D9DF19F23640}.Debug|Any CPU.Build.0 = Debug|Any CPU
		{7926D1E3-1573-4C8A-8329-D9DF19F23640}.Release|Any CPU.ActiveCfg = Release|Any CPU
		{7926D1E3-1573-4C8A-8329-D9DF19F23640}.Release|Any CPU.Build.0 = Release|Any CPU
		{0CF3F06A-0636-42D8-9F4A-6FDC67CDCB47}.Debug|Any CPU.ActiveCfg = Debug|Any CPU
		{0CF3F06A-0636-42D8-9F4A-6FDC67CDCB47}.Debug|Any CPU.Build.0 = Debug|Any CPU
		{0CF3F06A-0636-42D8-9F4A-6FDC67CDCB47}.Release|Any CPU.ActiveCfg = Release|Any CPU
		{0CF3F06A-0636-42D8-9F4A-6FDC67CDCB47}.Release|Any CPU.Build.0 = Release|Any CPU
	EndGlobalSection
	GlobalSection(SolutionProperties) = preSolution
		HideSolutionNode = FALSE
	EndGlobalSection
	GlobalSection(NestedProjects) = preSolution
		{F7EFED6A-7F29-44BF-AC62-5827939D073B} = {40B029F5-FAB2-4869-BF16-E8E49165D47E}
		{EB3905B4-F610-481F-9244-44D7B5B239E4} = {3A297B99-BE71-4EE3-ABE9-8EBEADA09E04}
		{E87E6351-7D2C-43A4-A842-E4C22D120558} = {18856B38-615E-4627-9990-899B6FB8F34E}
		{80E08069-1C84-49D6-B9CD-13B01447ECEB} = {3A297B99-BE71-4EE3-ABE9-8EBEADA09E04}
		{95E5BCC2-9E36-4AC2-8798-1B4BEFF3965C} = {3239C4D2-6AF3-421E-947F-B97B62EA9CAA}
		{FA027026-5256-44C6-BFE4-2EA29087C5A0} = {3239C4D2-6AF3-421E-947F-B97B62EA9CAA}
	EndGlobalSection
EndGlobal
