
Microsoft Visual Studio Solution File, Format Version 12.00
# Visual Studio 2013
VisualStudioVersion = 12.0.31101.0
MinimumVisualStudioVersion = 10.0.40219.1
Project("{FAE04EC0-301F-11D3-BF4B-00C04F79EFBC}") = "FFCG.Gamr", "FFCG.Gamr\FFCG.Gamr.csproj", "{F4B524B0-35CE-41E6-8ACA-DDBDE5FCEEF3}"
EndProject
Project("{2150E333-8FDC-42A3-9474-1A3956D46DE8}") = "PublishScripts", "PublishScripts", "{40B029F5-FAB2-4869-BF16-E8E49165D47E}"
	ProjectSection(SolutionItems) = preProject
		PublishScripts\AzureWebsitePublishModule.psm1 = PublishScripts\AzureWebsitePublishModule.psm1
		PublishScripts\Publish-WebApplicationWebsite.ps1 = PublishScripts\Publish-WebApplicationWebsite.ps1
	EndProjectSection
EndProject
Project("{2150E333-8FDC-42A3-9474-1A3956D46DE8}") = "Configurations", "Configurations", "{F7EFED6A-7F29-44BF-AC62-5827939D073B}"
	ProjectSection(SolutionItems) = preProject
		PublishScripts\Configurations\FFCGGamr-WAWS-dev.json = PublishScripts\Configurations\FFCGGamr-WAWS-dev.json
	EndProjectSection
EndProject
Project("{FAE04EC0-301F-11D3-BF4B-00C04F79EFBC}") = "FFCG.Brun7", "FFCG.Brun7\FFCG.Brun7.csproj", "{7926D1E3-1573-4C8A-8329-D9DF19F23640}"
EndProject
Project("{FAE04EC0-301F-11D3-BF4B-00C04F79EFBC}") = "Brun7.Tests", "Brun7.Tests\Brun7.Tests.csproj", "{A721CB6B-8322-4C10-A4C5-5F7BF1C7E40D}"
EndProject
Global
	GlobalSection(SolutionConfigurationPlatforms) = preSolution
		Debug|Any CPU = Debug|Any CPU
		Release|Any CPU = Release|Any CPU
	EndGlobalSection
	GlobalSection(ProjectConfigurationPlatforms) = postSolution
		{F4B524B0-35CE-41E6-8ACA-DDBDE5FCEEF3}.Debug|Any CPU.ActiveCfg = Debug|Any CPU
		{F4B524B0-35CE-41E6-8ACA-DDBDE5FCEEF3}.Debug|Any CPU.Build.0 = Debug|Any CPU
		{F4B524B0-35CE-41E6-8ACA-DDBDE5FCEEF3}.Release|Any CPU.ActiveCfg = Release|Any CPU
		{F4B524B0-35CE-41E6-8ACA-DDBDE5FCEEF3}.Release|Any CPU.Build.0 = Release|Any CPU
		{7926D1E3-1573-4C8A-8329-D9DF19F23640}.Debug|Any CPU.ActiveCfg = Debug|Any CPU
		{7926D1E3-1573-4C8A-8329-D9DF19F23640}.Debug|Any CPU.Build.0 = Debug|Any CPU
		{7926D1E3-1573-4C8A-8329-D9DF19F23640}.Release|Any CPU.ActiveCfg = Release|Any CPU
		{7926D1E3-1573-4C8A-8329-D9DF19F23640}.Release|Any CPU.Build.0 = Release|Any CPU
		{A721CB6B-8322-4C10-A4C5-5F7BF1C7E40D}.Debug|Any CPU.ActiveCfg = Debug|Any CPU
		{A721CB6B-8322-4C10-A4C5-5F7BF1C7E40D}.Debug|Any CPU.Build.0 = Debug|Any CPU
		{A721CB6B-8322-4C10-A4C5-5F7BF1C7E40D}.Release|Any CPU.ActiveCfg = Release|Any CPU
		{A721CB6B-8322-4C10-A4C5-5F7BF1C7E40D}.Release|Any CPU.Build.0 = Release|Any CPU
	EndGlobalSection
	GlobalSection(SolutionProperties) = preSolution
		HideSolutionNode = FALSE
	EndGlobalSection
	GlobalSection(NestedProjects) = preSolution
		{F7EFED6A-7F29-44BF-AC62-5827939D073B} = {40B029F5-FAB2-4869-BF16-E8E49165D47E}
	EndGlobalSection
EndGlobal
